
Microsoft Visual Studio Solution File, Format Version 12.00
# Visual Studio 15
VisualStudioVersion = 15.0.26430.16
MinimumVisualStudioVersion = 10.0.40219.1
Project("{2150E333-8FDC-42A3-9474-1A3956D46DE8}") = "Solution Items", "Solution Items", "{16A48337-42CC-443A-B850-775D196B31E0}"
	ProjectSection(SolutionItems) = preProject
		..\build.cake = ..\build.cake
		..\nuspec\CakeMail.RestClient.nuspec = ..\nuspec\CakeMail.RestClient.nuspec
		..\LICENSE = ..\LICENSE
		..\README.md = ..\README.md
	EndProjectSection
EndProject
Project("{2150E333-8FDC-42A3-9474-1A3956D46DE8}") = "Source", "Source", "{F7E19221-12B8-4C6E-B87A-167A1E95EBA1}"
EndProject
Project("{2150E333-8FDC-42A3-9474-1A3956D46DE8}") = "Tests", "Tests", "{9D4FE070-9A1E-4746-BD77-5D81D7FF21FF}"
EndProject
Project("{9A19103F-16F7-4668-BE54-9A1E7A4F7556}") = "CakeMail.RestClient", "CakeMail.RestClient\CakeMail.RestClient.csproj", "{5697ED7A-3E8D-4F9B-80D5-531C022925C8}"
EndProject
Project("{9A19103F-16F7-4668-BE54-9A1E7A4F7556}") = "CakeMail.RestClient.IntegrationTests", "CakeMail.RestClient.IntegrationTests\CakeMail.RestClient.IntegrationTests.csproj", "{D9430B16-7C54-479D-9EA5-D9B80CE2ECA1}"
EndProject
Project("{9A19103F-16F7-4668-BE54-9A1E7A4F7556}") = "CakeMail.RestClient.UnitTests", "CakeMail.RestClient.UnitTests\CakeMail.RestClient.UnitTests.csproj", "{16371EB3-F396-4BA4-A918-DB2744E6C662}"
EndProject
Global
	GlobalSection(SolutionConfigurationPlatforms) = preSolution
		Debug|Any CPU = Debug|Any CPU
		Release|Any CPU = Release|Any CPU
	EndGlobalSection
	GlobalSection(ProjectConfigurationPlatforms) = postSolution
		{5697ED7A-3E8D-4F9B-80D5-531C022925C8}.Debug|Any CPU.ActiveCfg = Debug|Any CPU
		{5697ED7A-3E8D-4F9B-80D5-531C022925C8}.Debug|Any CPU.Build.0 = Debug|Any CPU
		{5697ED7A-3E8D-4F9B-80D5-531C022925C8}.Release|Any CPU.ActiveCfg = Release|Any CPU
		{5697ED7A-3E8D-4F9B-80D5-531C022925C8}.Release|Any CPU.Build.0 = Release|Any CPU
		{D9430B16-7C54-479D-9EA5-D9B80CE2ECA1}.Debug|Any CPU.ActiveCfg = Debug|Any CPU
		{D9430B16-7C54-479D-9EA5-D9B80CE2ECA1}.Debug|Any CPU.Build.0 = Debug|Any CPU
		{D9430B16-7C54-479D-9EA5-D9B80CE2ECA1}.Release|Any CPU.ActiveCfg = Release|Any CPU
		{D9430B16-7C54-479D-9EA5-D9B80CE2ECA1}.Release|Any CPU.Build.0 = Release|Any CPU
		{16371EB3-F396-4BA4-A918-DB2744E6C662}.Debug|Any CPU.ActiveCfg = Debug|Any CPU
		{16371EB3-F396-4BA4-A918-DB2744E6C662}.Debug|Any CPU.Build.0 = Debug|Any CPU
		{16371EB3-F396-4BA4-A918-DB2744E6C662}.Release|Any CPU.ActiveCfg = Release|Any CPU
		{16371EB3-F396-4BA4-A918-DB2744E6C662}.Release|Any CPU.Build.0 = Release|Any CPU
	EndGlobalSection
	GlobalSection(SolutionProperties) = preSolution
		HideSolutionNode = FALSE
	EndGlobalSection
	GlobalSection(NestedProjects) = preSolution
		{5697ED7A-3E8D-4F9B-80D5-531C022925C8} = {F7E19221-12B8-4C6E-B87A-167A1E95EBA1}
		{D9430B16-7C54-479D-9EA5-D9B80CE2ECA1} = {9D4FE070-9A1E-4746-BD77-5D81D7FF21FF}
		{16371EB3-F396-4BA4-A918-DB2744E6C662} = {9D4FE070-9A1E-4746-BD77-5D81D7FF21FF}
	EndGlobalSection
EndGlobal
